// !$*UTF8*$!
{
	archiveVersion = 1;
	classes = {
	};
	objectVersion = 50;
	objects = {

/* Begin PBXBuildFile section */
		8B928ED9B8CFAFF38002CF8C /* Pods_W2DCTests.framework in Frameworks */ = {isa = PBXBuildFile; fileRef = 94724604D13EB6D41564CB4D /* Pods_W2DCTests.framework */; };
		BC2D03C42141B20400C71C53 /* wwdc.json in Resources */ = {isa = PBXBuildFile; fileRef = BC2D03C32141B20400C71C53 /* wwdc.json */; };
		BC69207C2131C35900DDDB03 /* AppDelegate.swift in Sources */ = {isa = PBXBuildFile; fileRef = BC69207B2131C35900DDDB03 /* AppDelegate.swift */; };
		BC69207E2131C35900DDDB03 /* ViewController.swift in Sources */ = {isa = PBXBuildFile; fileRef = BC69207D2131C35900DDDB03 /* ViewController.swift */; };
		BC6920812131C35900DDDB03 /* Main.storyboard in Resources */ = {isa = PBXBuildFile; fileRef = BC69207F2131C35900DDDB03 /* Main.storyboard */; };
		BC6920842131C35900DDDB03 /* W2DC.xcdatamodeld in Sources */ = {isa = PBXBuildFile; fileRef = BC6920822131C35900DDDB03 /* W2DC.xcdatamodeld */; };
		BC6920862131C35900DDDB03 /* Assets.xcassets in Resources */ = {isa = PBXBuildFile; fileRef = BC6920852131C35900DDDB03 /* Assets.xcassets */; };
		BC6920892131C35900DDDB03 /* LaunchScreen.storyboard in Resources */ = {isa = PBXBuildFile; fileRef = BC6920872131C35900DDDB03 /* LaunchScreen.storyboard */; };
		BC6920942131C35900DDDB03 /* W2DCTests.swift in Sources */ = {isa = PBXBuildFile; fileRef = BC6920932131C35900DDDB03 /* W2DCTests.swift */; };
		BC69209F2131C69100DDDB03 /* VideoModel.swift in Sources */ = {isa = PBXBuildFile; fileRef = BC69209E2131C69100DDDB03 /* VideoModel.swift */; };
		BC6920A12131C93200DDDB03 /* VideoViewModel.swift in Sources */ = {isa = PBXBuildFile; fileRef = BC6920A02131C93200DDDB03 /* VideoViewModel.swift */; };
		BC6920A32131CD6F00DDDB03 /* DataFromJSON.swift in Sources */ = {isa = PBXBuildFile; fileRef = BC6920A22131CD6F00DDDB03 /* DataFromJSON.swift */; };
		BCADCFF321478FC4000C2AB0 /* Media+CoreDataProperties.swift in Sources */ = {isa = PBXBuildFile; fileRef = BCADCFF121478FC4000C2AB0 /* Media+CoreDataProperties.swift */; };
		BCADCFF421478FC4000C2AB0 /* Media+CoreDataClass.swift in Sources */ = {isa = PBXBuildFile; fileRef = BCADCFF221478FC4000C2AB0 /* Media+CoreDataClass.swift */; };
		BCC2E26D214126D8003687DE /* DownloadManager.swift in Sources */ = {isa = PBXBuildFile; fileRef = BCC2E26C214126D8003687DE /* DownloadManager.swift */; };
		BCC2E26F214130F0003687DE /* VideoTableViewCell.swift in Sources */ = {isa = PBXBuildFile; fileRef = BCC2E26E214130F0003687DE /* VideoTableViewCell.swift */; };
		BCC2E27321414CAA003687DE /* 84631.jpg in Resources */ = {isa = PBXBuildFile; fileRef = BCC2E27221414CAA003687DE /* 84631.jpg */; };
		BCDF063F2146EBAB0024BA95 /* MediaPlayer.swift in Sources */ = {isa = PBXBuildFile; fileRef = BCDF063E2146EBAB0024BA95 /* MediaPlayer.swift */; };
		BCDF0641214702EC0024BA95 /* Extensions.swift in Sources */ = {isa = PBXBuildFile; fileRef = BCDF0640214702EC0024BA95 /* Extensions.swift */; };
		BCF1BF392149C368007F7BBE /* DataManager.swift in Sources */ = {isa = PBXBuildFile; fileRef = BCF1BF382149C368007F7BBE /* DataManager.swift */; };
		EF114E8ED8C09594BB2ECDB6 /* Pods_W2DC.framework in Frameworks */ = {isa = PBXBuildFile; fileRef = 1C788D1C94889A53C4376528 /* Pods_W2DC.framework */; };
/* End PBXBuildFile section */

/* Begin PBXContainerItemProxy section */
		BC6920902131C35900DDDB03 /* PBXContainerItemProxy */ = {
			isa = PBXContainerItemProxy;
			containerPortal = BC6920702131C35800DDDB03 /* Project object */;
			proxyType = 1;
			remoteGlobalIDString = BC6920772131C35800DDDB03;
			remoteInfo = W2DC;
		};
/* End PBXContainerItemProxy section */

/* Begin PBXFileReference section */
		1C788D1C94889A53C4376528 /* Pods_W2DC.framework */ = {isa = PBXFileReference; explicitFileType = wrapper.framework; includeInIndex = 0; path = Pods_W2DC.framework; sourceTree = BUILT_PRODUCTS_DIR; };
		5BC1DEAF3194C5CA2C6683F0 /* Pods-W2DCTests.debug.xcconfig */ = {isa = PBXFileReference; includeInIndex = 1; lastKnownFileType = text.xcconfig; name = "Pods-W2DCTests.debug.xcconfig"; path = "Pods/Target Support Files/Pods-W2DCTests/Pods-W2DCTests.debug.xcconfig"; sourceTree = "<group>"; };
		94724604D13EB6D41564CB4D /* Pods_W2DCTests.framework */ = {isa = PBXFileReference; explicitFileType = wrapper.framework; includeInIndex = 0; path = Pods_W2DCTests.framework; sourceTree = BUILT_PRODUCTS_DIR; };
		957041959917CDE08F9770C0 /* Pods-W2DC.release.xcconfig */ = {isa = PBXFileReference; includeInIndex = 1; lastKnownFileType = text.xcconfig; name = "Pods-W2DC.release.xcconfig"; path = "Pods/Target Support Files/Pods-W2DC/Pods-W2DC.release.xcconfig"; sourceTree = "<group>"; };
		AF19606905D8FC4ACE7AD384 /* Pods-W2DCTests.release.xcconfig */ = {isa = PBXFileReference; includeInIndex = 1; lastKnownFileType = text.xcconfig; name = "Pods-W2DCTests.release.xcconfig"; path = "Pods/Target Support Files/Pods-W2DCTests/Pods-W2DCTests.release.xcconfig"; sourceTree = "<group>"; };
		B7B0EF1BFB70FB3CB96C1C75 /* Pods-W2DC.debug.xcconfig */ = {isa = PBXFileReference; includeInIndex = 1; lastKnownFileType = text.xcconfig; name = "Pods-W2DC.debug.xcconfig"; path = "Pods/Target Support Files/Pods-W2DC/Pods-W2DC.debug.xcconfig"; sourceTree = "<group>"; };
		BC2D03C32141B20400C71C53 /* wwdc.json */ = {isa = PBXFileReference; fileEncoding = 4; lastKnownFileType = text.json; path = wwdc.json; sourceTree = "<group>"; };
		BC6920782131C35900DDDB03 /* W2DC.app */ = {isa = PBXFileReference; explicitFileType = wrapper.application; includeInIndex = 0; path = W2DC.app; sourceTree = BUILT_PRODUCTS_DIR; };
		BC69207B2131C35900DDDB03 /* AppDelegate.swift */ = {isa = PBXFileReference; lastKnownFileType = sourcecode.swift; path = AppDelegate.swift; sourceTree = "<group>"; };
		BC69207D2131C35900DDDB03 /* ViewController.swift */ = {isa = PBXFileReference; lastKnownFileType = sourcecode.swift; path = ViewController.swift; sourceTree = "<group>"; };
		BC6920802131C35900DDDB03 /* Base */ = {isa = PBXFileReference; lastKnownFileType = file.storyboard; name = Base; path = Base.lproj/Main.storyboard; sourceTree = "<group>"; };
		BC6920832131C35900DDDB03 /* W2DC.xcdatamodel */ = {isa = PBXFileReference; lastKnownFileType = wrapper.xcdatamodel; path = W2DC.xcdatamodel; sourceTree = "<group>"; };
		BC6920852131C35900DDDB03 /* Assets.xcassets */ = {isa = PBXFileReference; lastKnownFileType = folder.assetcatalog; path = Assets.xcassets; sourceTree = "<group>"; };
		BC6920882131C35900DDDB03 /* Base */ = {isa = PBXFileReference; lastKnownFileType = file.storyboard; name = Base; path = Base.lproj/LaunchScreen.storyboard; sourceTree = "<group>"; };
		BC69208A2131C35900DDDB03 /* Info.plist */ = {isa = PBXFileReference; lastKnownFileType = text.plist.xml; path = Info.plist; sourceTree = "<group>"; };
		BC69208F2131C35900DDDB03 /* W2DCTests.xctest */ = {isa = PBXFileReference; explicitFileType = wrapper.cfbundle; includeInIndex = 0; path = W2DCTests.xctest; sourceTree = BUILT_PRODUCTS_DIR; };
		BC6920932131C35900DDDB03 /* W2DCTests.swift */ = {isa = PBXFileReference; lastKnownFileType = sourcecode.swift; path = W2DCTests.swift; sourceTree = "<group>"; };
		BC6920952131C35900DDDB03 /* Info.plist */ = {isa = PBXFileReference; lastKnownFileType = text.plist.xml; path = Info.plist; sourceTree = "<group>"; };
		BC69209E2131C69100DDDB03 /* VideoModel.swift */ = {isa = PBXFileReference; lastKnownFileType = sourcecode.swift; path = VideoModel.swift; sourceTree = "<group>"; };
		BC6920A02131C93200DDDB03 /* VideoViewModel.swift */ = {isa = PBXFileReference; lastKnownFileType = sourcecode.swift; path = VideoViewModel.swift; sourceTree = "<group>"; };
		BC6920A22131CD6F00DDDB03 /* DataFromJSON.swift */ = {isa = PBXFileReference; lastKnownFileType = sourcecode.swift; path = DataFromJSON.swift; sourceTree = "<group>"; };
		BCADCFF121478FC4000C2AB0 /* Media+CoreDataProperties.swift */ = {isa = PBXFileReference; lastKnownFileType = sourcecode.swift; name = "Media+CoreDataProperties.swift"; path = "/Users/ninja/Desktop/Project/WWDC/W2DC/W2DC/Model/Media+CoreDataProperties.swift"; sourceTree = "<absolute>"; };
		BCADCFF221478FC4000C2AB0 /* Media+CoreDataClass.swift */ = {isa = PBXFileReference; lastKnownFileType = sourcecode.swift; name = "Media+CoreDataClass.swift"; path = "/Users/ninja/Desktop/Project/WWDC/W2DC/W2DC/Model/Media+CoreDataClass.swift"; sourceTree = "<absolute>"; };
		BCC2E26C214126D8003687DE /* DownloadManager.swift */ = {isa = PBXFileReference; lastKnownFileType = sourcecode.swift; path = DownloadManager.swift; sourceTree = "<group>"; };
		BCC2E26E214130F0003687DE /* VideoTableViewCell.swift */ = {isa = PBXFileReference; lastKnownFileType = sourcecode.swift; path = VideoTableViewCell.swift; sourceTree = "<group>"; };
		BCC2E27221414CAA003687DE /* 84631.jpg */ = {isa = PBXFileReference; lastKnownFileType = image.jpeg; path = 84631.jpg; sourceTree = "<group>"; };
		BCDF063E2146EBAB0024BA95 /* MediaPlayer.swift */ = {isa = PBXFileReference; lastKnownFileType = sourcecode.swift; path = MediaPlayer.swift; sourceTree = "<group>"; };
		BCDF0640214702EC0024BA95 /* Extensions.swift */ = {isa = PBXFileReference; lastKnownFileType = sourcecode.swift; path = Extensions.swift; sourceTree = "<group>"; };
		BCF1BF382149C368007F7BBE /* DataManager.swift */ = {isa = PBXFileReference; lastKnownFileType = sourcecode.swift; path = DataManager.swift; sourceTree = "<group>"; };
/* End PBXFileReference section */

/* Begin PBXFrameworksBuildPhase section */
		BC6920752131C35800DDDB03 /* Frameworks */ = {
			isa = PBXFrameworksBuildPhase;
			buildActionMask = 2147483647;
			files = (
				EF114E8ED8C09594BB2ECDB6 /* Pods_W2DC.framework in Frameworks */,
			);
			runOnlyForDeploymentPostprocessing = 0;
		};
		BC69208C2131C35900DDDB03 /* Frameworks */ = {
			isa = PBXFrameworksBuildPhase;
			buildActionMask = 2147483647;
			files = (
				8B928ED9B8CFAFF38002CF8C /* Pods_W2DCTests.framework in Frameworks */,
			);
			runOnlyForDeploymentPostprocessing = 0;
		};
/* End PBXFrameworksBuildPhase section */

/* Begin PBXGroup section */
		A82664E4161F9BF2F55BA718 /* Frameworks */ = {
			isa = PBXGroup;
			children = (
				1C788D1C94889A53C4376528 /* Pods_W2DC.framework */,
				94724604D13EB6D41564CB4D /* Pods_W2DCTests.framework */,
			);
			name = Frameworks;
			sourceTree = "<group>";
		};
		BC173E972142052B00C81F46 /* Controller */ = {
			isa = PBXGroup;
			children = (
				BC69207D2131C35900DDDB03 /* ViewController.swift */,
			);
			path = Controller;
			sourceTree = "<group>";
		};
		BC173E982142053600C81F46 /* Model */ = {
			isa = PBXGroup;
			children = (
				BCADCFF221478FC4000C2AB0 /* Media+CoreDataClass.swift */,
				BCADCFF121478FC4000C2AB0 /* Media+CoreDataProperties.swift */,
				BC6920822131C35900DDDB03 /* W2DC.xcdatamodeld */,
				BC69209E2131C69100DDDB03 /* VideoModel.swift */,
			);
			path = Model;
			sourceTree = "<group>";
		};
		BC173E992142054400C81F46 /* ViewModel */ = {
			isa = PBXGroup;
			children = (
				BC6920A02131C93200DDDB03 /* VideoViewModel.swift */,
			);
			path = ViewModel;
			sourceTree = "<group>";
		};
		BC173E9A2142054F00C81F46 /* View */ = {
			isa = PBXGroup;
			children = (
				BC6920872131C35900DDDB03 /* LaunchScreen.storyboard */,
				BC69207F2131C35900DDDB03 /* Main.storyboard */,
				BCC2E26E214130F0003687DE /* VideoTableViewCell.swift */,
			);
			path = View;
			sourceTree = "<group>";
		};
		BC173E9B2142055E00C81F46 /* Managers */ = {
			isa = PBXGroup;
			children = (
				BCDF063D2146EB720024BA95 /* Media */,
				BC173E9D2142057100C81F46 /* Data */,
				BC173E9C2142056B00C81F46 /* Network */,
				BCF1BF3A2149D0F9007F7BBE /* Extensions */,
			);
			path = Managers;
			sourceTree = "<group>";
		};
		BC173E9C2142056B00C81F46 /* Network */ = {
			isa = PBXGroup;
			children = (
				BCC2E26C214126D8003687DE /* DownloadManager.swift */,
			);
			path = Network;
			sourceTree = "<group>";
		};
		BC173E9D2142057100C81F46 /* Data */ = {
			isa = PBXGroup;
			children = (
				BC6920A22131CD6F00DDDB03 /* DataFromJSON.swift */,
				BCF1BF382149C368007F7BBE /* DataManager.swift */,
			);
			path = Data;
			sourceTree = "<group>";
		};
		BC173E9E2142058400C81F46 /* Resources */ = {
			isa = PBXGroup;
			children = (
				BC6920852131C35900DDDB03 /* Assets.xcassets */,
				BCC2E27221414CAA003687DE /* 84631.jpg */,
				BC2D03C32141B20400C71C53 /* wwdc.json */,
			);
			path = Resources;
			sourceTree = "<group>";
		};
		BC69206F2131C35800DDDB03 = {
			isa = PBXGroup;
			children = (
				BC69207A2131C35900DDDB03 /* W2DC */,
				BC6920922131C35900DDDB03 /* W2DCTests */,
				BC6920792131C35900DDDB03 /* Products */,
				CCBAD83B4CF6F2C82E9A5F70 /* Pods */,
				A82664E4161F9BF2F55BA718 /* Frameworks */,
			);
			sourceTree = "<group>";
		};
		BC6920792131C35900DDDB03 /* Products */ = {
			isa = PBXGroup;
			children = (
				BC6920782131C35900DDDB03 /* W2DC.app */,
				BC69208F2131C35900DDDB03 /* W2DCTests.xctest */,
			);
			name = Products;
			sourceTree = "<group>";
		};
		BC69207A2131C35900DDDB03 /* W2DC */ = {
			isa = PBXGroup;
			children = (
				BC69208A2131C35900DDDB03 /* Info.plist */,
				BC173E9E2142058400C81F46 /* Resources */,
				BC173E9B2142055E00C81F46 /* Managers */,
				BC173E9A2142054F00C81F46 /* View */,
				BC173E992142054400C81F46 /* ViewModel */,
				BC173E982142053600C81F46 /* Model */,
				BC173E972142052B00C81F46 /* Controller */,
				BC69207B2131C35900DDDB03 /* AppDelegate.swift */,
			);
			path = W2DC;
			sourceTree = "<group>";
		};
		BC6920922131C35900DDDB03 /* W2DCTests */ = {
			isa = PBXGroup;
			children = (
				BC6920932131C35900DDDB03 /* W2DCTests.swift */,
				BC6920952131C35900DDDB03 /* Info.plist */,
			);
			path = W2DCTests;
			sourceTree = "<group>";
		};
		BCDF063D2146EB720024BA95 /* Media */ = {
			isa = PBXGroup;
			children = (
				BCDF063E2146EBAB0024BA95 /* MediaPlayer.swift */,
			);
			path = Media;
			sourceTree = "<group>";
		};
		BCF1BF3A2149D0F9007F7BBE /* Extensions */ = {
			isa = PBXGroup;
			children = (
				BCDF0640214702EC0024BA95 /* Extensions.swift */,
			);
			path = Extensions;
			sourceTree = "<group>";
		};
		CCBAD83B4CF6F2C82E9A5F70 /* Pods */ = {
			isa = PBXGroup;
			children = (
				B7B0EF1BFB70FB3CB96C1C75 /* Pods-W2DC.debug.xcconfig */,
				957041959917CDE08F9770C0 /* Pods-W2DC.release.xcconfig */,
				5BC1DEAF3194C5CA2C6683F0 /* Pods-W2DCTests.debug.xcconfig */,
				AF19606905D8FC4ACE7AD384 /* Pods-W2DCTests.release.xcconfig */,
			);
			name = Pods;
			sourceTree = "<group>";
		};
/* End PBXGroup section */

/* Begin PBXNativeTarget section */
		BC6920772131C35800DDDB03 /* W2DC */ = {
			isa = PBXNativeTarget;
			buildConfigurationList = BC6920982131C35900DDDB03 /* Build configuration list for PBXNativeTarget "W2DC" */;
			buildPhases = (
				0FA3DDE312BECF8F2F2A1F9F /* [CP] Check Pods Manifest.lock */,
				BC6920742131C35800DDDB03 /* Sources */,
				BC6920752131C35800DDDB03 /* Frameworks */,
				BC6920762131C35800DDDB03 /* Resources */,
				306EA2C8C8FFC49A6C097081 /* [CP] Embed Pods Frameworks */,
			);
			buildRules = (
			);
			dependencies = (
			);
			name = W2DC;
			productName = W2DC;
			productReference = BC6920782131C35900DDDB03 /* W2DC.app */;
			productType = "com.apple.product-type.application";
		};
		BC69208E2131C35900DDDB03 /* W2DCTests */ = {
			isa = PBXNativeTarget;
			buildConfigurationList = BC69209B2131C35900DDDB03 /* Build configuration list for PBXNativeTarget "W2DCTests" */;
			buildPhases = (
				819277F78112BC5F7AFBA30E /* [CP] Check Pods Manifest.lock */,
				BC69208B2131C35900DDDB03 /* Sources */,
				BC69208C2131C35900DDDB03 /* Frameworks */,
				BC69208D2131C35900DDDB03 /* Resources */,
			);
			buildRules = (
			);
			dependencies = (
				BC6920912131C35900DDDB03 /* PBXTargetDependency */,
			);
			name = W2DCTests;
			productName = W2DCTests;
			productReference = BC69208F2131C35900DDDB03 /* W2DCTests.xctest */;
			productType = "com.apple.product-type.bundle.unit-test";
		};
/* End PBXNativeTarget section */

/* Begin PBXProject section */
		BC6920702131C35800DDDB03 /* Project object */ = {
			isa = PBXProject;
			attributes = {
				LastSwiftUpdateCheck = 0940;
				LastUpgradeCheck = 0940;
				ORGANIZATIONNAME = Ninja;
				TargetAttributes = {
					BC6920772131C35800DDDB03 = {
						CreatedOnToolsVersion = 9.4.1;
					};
					BC69208E2131C35900DDDB03 = {
						CreatedOnToolsVersion = 9.4.1;
						TestTargetID = BC6920772131C35800DDDB03;
					};
				};
			};
			buildConfigurationList = BC6920732131C35800DDDB03 /* Build configuration list for PBXProject "W2DC" */;
			compatibilityVersion = "Xcode 9.3";
			developmentRegion = en;
			hasScannedForEncodings = 0;
			knownRegions = (
				en,
				Base,
			);
			mainGroup = BC69206F2131C35800DDDB03;
			productRefGroup = BC6920792131C35900DDDB03 /* Products */;
			projectDirPath = "";
			projectRoot = "";
			targets = (
				BC6920772131C35800DDDB03 /* W2DC */,
				BC69208E2131C35900DDDB03 /* W2DCTests */,
			);
		};
/* End PBXProject section */

/* Begin PBXResourcesBuildPhase section */
		BC6920762131C35800DDDB03 /* Resources */ = {
			isa = PBXResourcesBuildPhase;
			buildActionMask = 2147483647;
			files = (
				BC6920892131C35900DDDB03 /* LaunchScreen.storyboard in Resources */,
				BCC2E27321414CAA003687DE /* 84631.jpg in Resources */,
				BC2D03C42141B20400C71C53 /* wwdc.json in Resources */,
				BC6920862131C35900DDDB03 /* Assets.xcassets in Resources */,
				BC6920812131C35900DDDB03 /* Main.storyboard in Resources */,
			);
			runOnlyForDeploymentPostprocessing = 0;
		};
		BC69208D2131C35900DDDB03 /* Resources */ = {
			isa = PBXResourcesBuildPhase;
			buildActionMask = 2147483647;
			files = (
			);
			runOnlyForDeploymentPostprocessing = 0;
		};
/* End PBXResourcesBuildPhase section */

/* Begin PBXShellScriptBuildPhase section */
		0FA3DDE312BECF8F2F2A1F9F /* [CP] Check Pods Manifest.lock */ = {
			isa = PBXShellScriptBuildPhase;
			buildActionMask = 2147483647;
			files = (
			);
			inputPaths = (
				"${PODS_PODFILE_DIR_PATH}/Podfile.lock",
				"${PODS_ROOT}/Manifest.lock",
			);
			name = "[CP] Check Pods Manifest.lock";
			outputPaths = (
				"$(DERIVED_FILE_DIR)/Pods-W2DC-checkManifestLockResult.txt",
			);
			runOnlyForDeploymentPostprocessing = 0;
			shellPath = /bin/sh;
			shellScript = "diff \"${PODS_PODFILE_DIR_PATH}/Podfile.lock\" \"${PODS_ROOT}/Manifest.lock\" > /dev/null\nif [ $? != 0 ] ; then\n    # print error to STDERR\n    echo \"error: The sandbox is not in sync with the Podfile.lock. Run 'pod install' or update your CocoaPods installation.\" >&2\n    exit 1\nfi\n# This output is used by Xcode 'outputs' to avoid re-running this script phase.\necho \"SUCCESS\" > \"${SCRIPT_OUTPUT_FILE_0}\"\n";
			showEnvVarsInLog = 0;
		};
		306EA2C8C8FFC49A6C097081 /* [CP] Embed Pods Frameworks */ = {
			isa = PBXShellScriptBuildPhase;
			buildActionMask = 2147483647;
			files = (
			);
			inputPaths = (
				"${SRCROOT}/Pods/Target Support Files/Pods-W2DC/Pods-W2DC-frameworks.sh",
				"${BUILT_PRODUCTS_DIR}/FaveButton/FaveButton.framework",
				"${BUILT_PRODUCTS_DIR}/Kingfisher/Kingfisher.framework",
				"${BUILT_PRODUCTS_DIR}/NVActivityIndicatorView/NVActivityIndicatorView.framework",
			);
			name = "[CP] Embed Pods Frameworks";
			outputPaths = (
				"${TARGET_BUILD_DIR}/${FRAMEWORKS_FOLDER_PATH}/FaveButton.framework",
				"${TARGET_BUILD_DIR}/${FRAMEWORKS_FOLDER_PATH}/Kingfisher.framework",
				"${TARGET_BUILD_DIR}/${FRAMEWORKS_FOLDER_PATH}/NVActivityIndicatorView.framework",
			);
			runOnlyForDeploymentPostprocessing = 0;
			shellPath = /bin/sh;
			shellScript = "\"${SRCROOT}/Pods/Target Support Files/Pods-W2DC/Pods-W2DC-frameworks.sh\"\n";
			showEnvVarsInLog = 0;
		};
		819277F78112BC5F7AFBA30E /* [CP] Check Pods Manifest.lock */ = {
			isa = PBXShellScriptBuildPhase;
			buildActionMask = 2147483647;
			files = (
			);
			inputPaths = (
				"${PODS_PODFILE_DIR_PATH}/Podfile.lock",
				"${PODS_ROOT}/Manifest.lock",
			);
			name = "[CP] Check Pods Manifest.lock";
			outputPaths = (
				"$(DERIVED_FILE_DIR)/Pods-W2DCTests-checkManifestLockResult.txt",
			);
			runOnlyForDeploymentPostprocessing = 0;
			shellPath = /bin/sh;
			shellScript = "diff \"${PODS_PODFILE_DIR_PATH}/Podfile.lock\" \"${PODS_ROOT}/Manifest.lock\" > /dev/null\nif [ $? != 0 ] ; then\n    # print error to STDERR\n    echo \"error: The sandbox is not in sync with the Podfile.lock. Run 'pod install' or update your CocoaPods installation.\" >&2\n    exit 1\nfi\n# This output is used by Xcode 'outputs' to avoid re-running this script phase.\necho \"SUCCESS\" > \"${SCRIPT_OUTPUT_FILE_0}\"\n";
			showEnvVarsInLog = 0;
		};
/* End PBXShellScriptBuildPhase section */

/* Begin PBXSourcesBuildPhase section */
		BC6920742131C35800DDDB03 /* Sources */ = {
			isa = PBXSourcesBuildPhase;
			buildActionMask = 2147483647;
			files = (
				BC69207E2131C35900DDDB03 /* ViewController.swift in Sources */,
				BC6920A32131CD6F00DDDB03 /* DataFromJSON.swift in Sources */,
				BCF1BF392149C368007F7BBE /* DataManager.swift in Sources */,
				BC69207C2131C35900DDDB03 /* AppDelegate.swift in Sources */,
				BC6920842131C35900DDDB03 /* W2DC.xcdatamodeld in Sources */,
				BC6920A12131C93200DDDB03 /* VideoViewModel.swift in Sources */,
				BCC2E26F214130F0003687DE /* VideoTableViewCell.swift in Sources */,
				BC69209F2131C69100DDDB03 /* VideoModel.swift in Sources */,
				BCADCFF321478FC4000C2AB0 /* Media+CoreDataProperties.swift in Sources */,
				BCC2E26D214126D8003687DE /* DownloadManager.swift in Sources */,
				BCADCFF421478FC4000C2AB0 /* Media+CoreDataClass.swift in Sources */,
				BCDF0641214702EC0024BA95 /* Extensions.swift in Sources */,
				BCDF063F2146EBAB0024BA95 /* MediaPlayer.swift in Sources */,
			);
			runOnlyForDeploymentPostprocessing = 0;
		};
		BC69208B2131C35900DDDB03 /* Sources */ = {
			isa = PBXSourcesBuildPhase;
			buildActionMask = 2147483647;
			files = (
				BC6920942131C35900DDDB03 /* W2DCTests.swift in Sources */,
			);
			runOnlyForDeploymentPostprocessing = 0;
		};
/* End PBXSourcesBuildPhase section */

/* Begin PBXTargetDependency section */
		BC6920912131C35900DDDB03 /* PBXTargetDependency */ = {
			isa = PBXTargetDependency;
			target = BC6920772131C35800DDDB03 /* W2DC */;
			targetProxy = BC6920902131C35900DDDB03 /* PBXContainerItemProxy */;
		};
/* End PBXTargetDependency section */

/* Begin PBXVariantGroup section */
		BC69207F2131C35900DDDB03 /* Main.storyboard */ = {
			isa = PBXVariantGroup;
			children = (
				BC6920802131C35900DDDB03 /* Base */,
			);
			name = Main.storyboard;
			sourceTree = "<group>";
		};
		BC6920872131C35900DDDB03 /* LaunchScreen.storyboard */ = {
			isa = PBXVariantGroup;
			children = (
				BC6920882131C35900DDDB03 /* Base */,
			);
			name = LaunchScreen.storyboard;
			sourceTree = "<group>";
		};
/* End PBXVariantGroup section */

/* Begin XCBuildConfiguration section */
		BC6920962131C35900DDDB03 /* Debug */ = {
			isa = XCBuildConfiguration;
			buildSettings = {
				ALWAYS_SEARCH_USER_PATHS = NO;
				CLANG_ANALYZER_NONNULL = YES;
				CLANG_ANALYZER_NUMBER_OBJECT_CONVERSION = YES_AGGRESSIVE;
				CLANG_CXX_LANGUAGE_STANDARD = "gnu++14";
				CLANG_CXX_LIBRARY = "libc++";
				CLANG_ENABLE_MODULES = YES;
				CLANG_ENABLE_OBJC_ARC = YES;
				CLANG_ENABLE_OBJC_WEAK = YES;
				CLANG_WARN_BLOCK_CAPTURE_AUTORELEASING = YES;
				CLANG_WARN_BOOL_CONVERSION = YES;
				CLANG_WARN_COMMA = YES;
				CLANG_WARN_CONSTANT_CONVERSION = YES;
				CLANG_WARN_DEPRECATED_OBJC_IMPLEMENTATIONS = YES;
				CLANG_WARN_DIRECT_OBJC_ISA_USAGE = YES_ERROR;
				CLANG_WARN_DOCUMENTATION_COMMENTS = YES;
				CLANG_WARN_EMPTY_BODY = YES;
				CLANG_WARN_ENUM_CONVERSION = YES;
				CLANG_WARN_INFINITE_RECURSION = YES;
				CLANG_WARN_INT_CONVERSION = YES;
				CLANG_WARN_NON_LITERAL_NULL_CONVERSION = YES;
				CLANG_WARN_OBJC_IMPLICIT_RETAIN_SELF = YES;
				CLANG_WARN_OBJC_LITERAL_CONVERSION = YES;
				CLANG_WARN_OBJC_ROOT_CLASS = YES_ERROR;
				CLANG_WARN_RANGE_LOOP_ANALYSIS = YES;
				CLANG_WARN_STRICT_PROTOTYPES = YES;
				CLANG_WARN_SUSPICIOUS_MOVE = YES;
				CLANG_WARN_UNGUARDED_AVAILABILITY = YES_AGGRESSIVE;
				CLANG_WARN_UNREACHABLE_CODE = YES;
				CLANG_WARN__DUPLICATE_METHOD_MATCH = YES;
				CODE_SIGN_IDENTITY = "iPhone Developer";
				COPY_PHASE_STRIP = NO;
				DEBUG_INFORMATION_FORMAT = dwarf;
				ENABLE_STRICT_OBJC_MSGSEND = YES;
				ENABLE_TESTABILITY = YES;
				GCC_C_LANGUAGE_STANDARD = gnu11;
				GCC_DYNAMIC_NO_PIC = NO;
				GCC_NO_COMMON_BLOCKS = YES;
				GCC_OPTIMIZATION_LEVEL = 0;
				GCC_PREPROCESSOR_DEFINITIONS = (
					"DEBUG=1",
					"$(inherited)",
				);
				GCC_WARN_64_TO_32_BIT_CONVERSION = YES;
				GCC_WARN_ABOUT_RETURN_TYPE = YES_ERROR;
				GCC_WARN_UNDECLARED_SELECTOR = YES;
				GCC_WARN_UNINITIALIZED_AUTOS = YES_AGGRESSIVE;
				GCC_WARN_UNUSED_FUNCTION = YES;
				GCC_WARN_UNUSED_VARIABLE = YES;
				IPHONEOS_DEPLOYMENT_TARGET = 11.4;
				MTL_ENABLE_DEBUG_INFO = YES;
				ONLY_ACTIVE_ARCH = YES;
				SDKROOT = iphoneos;
				SWIFT_ACTIVE_COMPILATION_CONDITIONS = DEBUG;
				SWIFT_OPTIMIZATION_LEVEL = "-Onone";
			};
			name = Debug;
		};
		BC6920972131C35900DDDB03 /* Release */ = {
			isa = XCBuildConfiguration;
			buildSettings = {
				ALWAYS_SEARCH_USER_PATHS = NO;
				CLANG_ANALYZER_NONNULL = YES;
				CLANG_ANALYZER_NUMBER_OBJECT_CONVERSION = YES_AGGRESSIVE;
				CLANG_CXX_LANGUAGE_STANDARD = "gnu++14";
				CLANG_CXX_LIBRARY = "libc++";
				CLANG_ENABLE_MODULES = YES;
				CLANG_ENABLE_OBJC_ARC = YES;
				CLANG_ENABLE_OBJC_WEAK = YES;
				CLANG_WARN_BLOCK_CAPTURE_AUTORELEASING = YES;
				CLANG_WARN_BOOL_CONVERSION = YES;
				CLANG_WARN_COMMA = YES;
				CLANG_WARN_CONSTANT_CONVERSION = YES;
				CLANG_WARN_DEPRECATED_OBJC_IMPLEMENTATIONS = YES;
				CLANG_WARN_DIRECT_OBJC_ISA_USAGE = YES_ERROR;
				CLANG_WARN_DOCUMENTATION_COMMENTS = YES;
				CLANG_WARN_EMPTY_BODY = YES;
				CLANG_WARN_ENUM_CONVERSION = YES;
				CLANG_WARN_INFINITE_RECURSION = YES;
				CLANG_WARN_INT_CONVERSION = YES;
				CLANG_WARN_NON_LITERAL_NULL_CONVERSION = YES;
				CLANG_WARN_OBJC_IMPLICIT_RETAIN_SELF = YES;
				CLANG_WARN_OBJC_LITERAL_CONVERSION = YES;
				CLANG_WARN_OBJC_ROOT_CLASS = YES_ERROR;
				CLANG_WARN_RANGE_LOOP_ANALYSIS = YES;
				CLANG_WARN_STRICT_PROTOTYPES = YES;
				CLANG_WARN_SUSPICIOUS_MOVE = YES;
				CLANG_WARN_UNGUARDED_AVAILABILITY = YES_AGGRESSIVE;
				CLANG_WARN_UNREACHABLE_CODE = YES;
				CLANG_WARN__DUPLICATE_METHOD_MATCH = YES;
				CODE_SIGN_IDENTITY = "iPhone Developer";
				COPY_PHASE_STRIP = NO;
				DEBUG_INFORMATION_FORMAT = "dwarf-with-dsym";
				ENABLE_NS_ASSERTIONS = NO;
				ENABLE_STRICT_OBJC_MSGSEND = YES;
				GCC_C_LANGUAGE_STANDARD = gnu11;
				GCC_NO_COMMON_BLOCKS = YES;
				GCC_WARN_64_TO_32_BIT_CONVERSION = YES;
				GCC_WARN_ABOUT_RETURN_TYPE = YES_ERROR;
				GCC_WARN_UNDECLARED_SELECTOR = YES;
				GCC_WARN_UNINITIALIZED_AUTOS = YES_AGGRESSIVE;
				GCC_WARN_UNUSED_FUNCTION = YES;
				GCC_WARN_UNUSED_VARIABLE = YES;
				IPHONEOS_DEPLOYMENT_TARGET = 11.4;
				MTL_ENABLE_DEBUG_INFO = NO;
				SDKROOT = iphoneos;
				SWIFT_COMPILATION_MODE = wholemodule;
				SWIFT_OPTIMIZATION_LEVEL = "-O";
				VALIDATE_PRODUCT = YES;
			};
			name = Release;
		};
		BC6920992131C35900DDDB03 /* Debug */ = {
			isa = XCBuildConfiguration;
			baseConfigurationReference = B7B0EF1BFB70FB3CB96C1C75 /* Pods-W2DC.debug.xcconfig */;
			buildSettings = {
				ASSETCATALOG_COMPILER_APPICON_NAME = AppIcon;
				CODE_SIGN_IDENTITY = "iPhone Developer";
				CODE_SIGN_STYLE = Automatic;
				DEVELOPMENT_TEAM = "";
				INFOPLIST_FILE = W2DC/Info.plist;
				LD_RUNPATH_SEARCH_PATHS = (
					"$(inherited)",
					"@executable_path/Frameworks",
				);
				PRODUCT_BUNDLE_IDENTIFIER = com.play.W2DC;
				PRODUCT_NAME = "$(TARGET_NAME)";
				PROVISIONING_PROFILE_SPECIFIER = "";
				SWIFT_VERSION = 4.0;
				TARGETED_DEVICE_FAMILY = "1,2";
			};
			name = Debug;
		};
		BC69209A2131C35900DDDB03 /* Release */ = {
			isa = XCBuildConfiguration;
			baseConfigurationReference = 957041959917CDE08F9770C0 /* Pods-W2DC.release.xcconfig */;
			buildSettings = {
				ASSETCATALOG_COMPILER_APPICON_NAME = AppIcon;
				CODE_SIGN_IDENTITY = "iPhone Developer";
				CODE_SIGN_STYLE = Automatic;
				DEVELOPMENT_TEAM = "";
				INFOPLIST_FILE = W2DC/Info.plist;
				LD_RUNPATH_SEARCH_PATHS = (
					"$(inherited)",
					"@executable_path/Frameworks",
				);
				PRODUCT_BUNDLE_IDENTIFIER = com.play.W2DC;
				PRODUCT_NAME = "$(TARGET_NAME)";
				PROVISIONING_PROFILE_SPECIFIER = "";
				SWIFT_VERSION = 4.0;
				TARGETED_DEVICE_FAMILY = "1,2";
			};
			name = Release;
		};
		BC69209C2131C35900DDDB03 /* Debug */ = {
			isa = XCBuildConfiguration;
			baseConfigurationReference = 5BC1DEAF3194C5CA2C6683F0 /* Pods-W2DCTests.debug.xcconfig */;
			buildSettings = {
				ALWAYS_EMBED_SWIFT_STANDARD_LIBRARIES = YES;
				BUNDLE_LOADER = "$(TEST_HOST)";
				CODE_SIGN_STYLE = Automatic;
				DEVELOPMENT_TEAM = S65CB7T6HU;
				INFOPLIST_FILE = W2DCTests/Info.plist;
				LD_RUNPATH_SEARCH_PATHS = (
					"$(inherited)",
					"@executable_path/Frameworks",
					"@loader_path/Frameworks",
				);
				PRODUCT_BUNDLE_IDENTIFIER = com.play.W2DCTests;
				PRODUCT_NAME = "$(TARGET_NAME)";
				SWIFT_VERSION = 4.0;
				TARGETED_DEVICE_FAMILY = "1,2";
				TEST_HOST = "$(BUILT_PRODUCTS_DIR)/W2DC.app/W2DC";
			};
			name = Debug;
		};
		BC69209D2131C35900DDDB03 /* Release */ = {
			isa = XCBuildConfiguration;
			baseConfigurationReference = AF19606905D8FC4ACE7AD384 /* Pods-W2DCTests.release.xcconfig */;
			buildSettings = {
				ALWAYS_EMBED_SWIFT_STANDARD_LIBRARIES = YES;
				BUNDLE_LOADER = "$(TEST_HOST)";
				CODE_SIGN_STYLE = Automatic;
				DEVELOPMENT_TEAM = S65CB7T6HU;
				INFOPLIST_FILE = W2DCTests/Info.plist;
				LD_RUNPATH_SEARCH_PATHS = (
					"$(inherited)",
					"@executable_path/Frameworks",
					"@loader_path/Frameworks",
				);
				PRODUCT_BUNDLE_IDENTIFIER = com.play.W2DCTests;
				PRODUCT_NAME = "$(TARGET_NAME)";
				SWIFT_VERSION = 4.0;
				TARGETED_DEVICE_FAMILY = "1,2";
				TEST_HOST = "$(BUILT_PRODUCTS_DIR)/W2DC.app/W2DC";
			};
			name = Release;
		};
/* End XCBuildConfiguration section */

/* Begin XCConfigurationList section */
		BC6920732131C35800DDDB03 /* Build configuration list for PBXProject "W2DC" */ = {
			isa = XCConfigurationList;
			buildConfigurations = (
				BC6920962131C35900DDDB03 /* Debug */,
				BC6920972131C35900DDDB03 /* Release */,
			);
			defaultConfigurationIsVisible = 0;
			defaultConfigurationName = Release;
		};
		BC6920982131C35900DDDB03 /* Build configuration list for PBXNativeTarget "W2DC" */ = {
			isa = XCConfigurationList;
			buildConfigurations = (
				BC6920992131C35900DDDB03 /* Debug */,
				BC69209A2131C35900DDDB03 /* Release */,
			);
			defaultConfigurationIsVisible = 0;
			defaultConfigurationName = Release;
		};
		BC69209B2131C35900DDDB03 /* Build configuration list for PBXNativeTarget "W2DCTests" */ = {
			isa = XCConfigurationList;
			buildConfigurations = (
				BC69209C2131C35900DDDB03 /* Debug */,
				BC69209D2131C35900DDDB03 /* Release */,
			);
			defaultConfigurationIsVisible = 0;
			defaultConfigurationName = Release;
		};
/* End XCConfigurationList section */

/* Begin XCVersionGroup section */
		BC6920822131C35900DDDB03 /* W2DC.xcdatamodeld */ = {
			isa = XCVersionGroup;
			children = (
				BC6920832131C35900DDDB03 /* W2DC.xcdatamodel */,
			);
			currentVersion = BC6920832131C35900DDDB03 /* W2DC.xcdatamodel */;
			path = W2DC.xcdatamodeld;
			sourceTree = "<group>";
			versionGroupType = wrapper.xcdatamodel;
		};
/* End XCVersionGroup section */
	};
	rootObject = BC6920702131C35800DDDB03 /* Project object */;
}
